schema: '2.0'
stages:
  data_ingestion:
    cmd: python src/deepClassifier/pipeline/stage_01_data_ingestion.py
    deps:
    - path: configs/config.yaml
      md5: d76e0e676a7af1b10f7e1600d7d39e42
      size: 876
    - path: src/deepClassifier/pipeline/stage_01_data_ingestion.py
      md5: cc62c8c5edfb0f56a5e9b13eb405e78d
      size: 700
    outs:
    - path: artifacts/data_ingestion/PetImages
      md5: 3a5cf86541f22c236620ce5b952ad684.dir
      size: 848866410
      nfiles: 24998
  prepare_base_model:
    cmd: python src/deepClassifier/pipeline/stage_02_prepare_base_model.py
    deps:
    - path: configs/config.yaml
      md5: d76e0e676a7af1b10f7e1600d7d39e42
      size: 876
    - path: src/deepClassifier/pipeline/stage_02_prepare_base_model.py
      md5: b1774afea66f3cde70cfc34a8011d296
      size: 792
    params:
      params.yaml:
        CLASSES: 2
        IMAGE_SIZE:
        - 224
        - 224
        - 3
        INCLUDE_TOP: false
        LEARNING_RATE: 0.01
        WEIGHTS: imagenet
    outs:
    - path: artifacts/prepare_base_model
      md5: bbe634f710dced2ff6c29b6b9741f1e8.dir
      size: 118053368
      nfiles: 2
  training:
    cmd: python src/deepClassifier/pipeline/stage_03_training.py
    deps:
    - path: artifacts/data_ingestion/PetImages
      md5: 3a5cf86541f22c236620ce5b952ad684.dir
      size: 848866410
      nfiles: 24998
    - path: artifacts/prepare_base_model
      md5: bbe634f710dced2ff6c29b6b9741f1e8.dir
      size: 118053368
      nfiles: 2
    - path: configs/config.yaml
      md5: d76e0e676a7af1b10f7e1600d7d39e42
      size: 876
    - path: src/deepClassifier/components/prepare_callback.py
      md5: 88c6ebab5cbddccc63406a33f677a036
      size: 839
    - path: src/deepClassifier/pipeline/stage_03_training.py
      md5: 44ba8ff613b6145335eef61c7c5c7e99
      size: 962
    params:
      params.yaml:
        AUGMENTATION: true
        BATCH_SIZE: 16
        EPOCHS: 1
        IMAGE_SIZE:
        - 224
        - 224
        - 3
    outs:
    - path: artifacts/training/model.h5
      md5: 78c3248c0ea7a5b568cea1d490a40702
      size: 59135136
  evaluation:
    cmd: python src/deepClassifier/pipeline/stage_04_evaluation.py
    deps:
    - path: artifacts/data_ingestion/PetImages
      md5: 3a5cf86541f22c236620ce5b952ad684.dir
      size: 848866410
      nfiles: 24998
    - path: artifacts/training/model.h5
      md5: 78c3248c0ea7a5b568cea1d490a40702
      size: 59135136
    - path: configs/config.yaml
      md5: d76e0e676a7af1b10f7e1600d7d39e42
      size: 876
    - path: src/deepClassifier/pipeline/stage_04_evaluation.py
      md5: 4f9ce6559cea75b8e6fa539249a7b5f9
      size: 681
    params:
      params.yaml:
        BATCH_SIZE: 16
        IMAGE_SIZE:
        - 224
        - 224
        - 3
    outs:
    - path: scores.json
      md5: 2bcb2942b2a7d574cee1b369781d1bfb
      size: 74
